
Microsoft Visual Studio Solution File, Format Version 12.00
# Visual Studio 14
VisualStudioVersion = 14.0.25123.0
MinimumVisualStudioVersion = 10.0.40219.1
Project("{FAE04EC0-301F-11D3-BF4B-00C04F79EFBC}") = "RomalıAsker", "RomalıAsker\RomalıAsker.csproj", "{CFF39C5F-2EDF-44DD-A7B8-4E8324061242}"
EndProject
Global
	GlobalSection(SolutionConfigurationPlatforms) = preSolution
		Debug|Any CPU = Debug|Any CPU
		Release|Any CPU = Release|Any CPU
	EndGlobalSection
	GlobalSection(ProjectConfigurationPlatforms) = postSolution
		{CFF39C5F-2EDF-44DD-A7B8-4E8324061242}.Debug|Any CPU.ActiveCfg = Debug|Any CPU
		{CFF39C5F-2EDF-44DD-A7B8-4E8324061242}.Debug|Any CPU.Build.0 = Debug|Any CPU
		{CFF39C5F-2EDF-44DD-A7B8-4E8324061242}.Release|Any CPU.ActiveCfg = Release|Any CPU
		{CFF39C5F-2EDF-44DD-A7B8-4E8324061242}.Release|Any CPU.Build.0 = Release|Any CPU
	EndGlobalSection
	GlobalSection(SolutionProperties) = preSolution
		HideSolutionNode = FALSE
	EndGlobalSection
EndGlobal
